
Microsoft Visual Studio Solution File, Format Version 12.00
# Visual Studio Version 17
VisualStudioVersion = 17.7.34018.315
MinimumVisualStudioVersion = 10.0.40219.1
Project("{8BC9CEB8-8B4A-11D0-8D11-00A0C91BC942}") = "p9-1", "p9-1\p9-1.vcxproj", "{197FE446-C743-4D18-B02D-5C4EE6AC9420}"
EndProject
Global
	GlobalSection(SolutionConfigurationPlatforms) = preSolution
		Debug|x64 = Debug|x64
		Debug|x86 = Debug|x86
		Release|x64 = Release|x64
		Release|x86 = Release|x86
	EndGlobalSection
	GlobalSection(ProjectConfigurationPlatforms) = postSolution
		{197FE446-C743-4D18-B02D-5C4EE6AC9420}.Debug|x64.ActiveCfg = Debug|x64
		{197FE446-C743-4D18-B02D-5C4EE6AC9420}.Debug|x64.Build.0 = Debug|x64
		{197FE446-C743-4D18-B02D-5C4EE6AC9420}.Debug|x86.ActiveCfg = Debug|Win32
		{197FE446-C743-4D18-B02D-5C4EE6AC9420}.Debug|x86.Build.0 = Debug|Win32
		{197FE446-C743-4D18-B02D-5C4EE6AC9420}.Release|x64.ActiveCfg = Release|x64
		{197FE446-C743-4D18-B02D-5C4EE6AC9420}.Release|x64.Build.0 = Release|x64
		{197FE446-C743-4D18-B02D-5C4EE6AC9420}.Release|x86.ActiveCfg = Release|Win32
		{197FE446-C743-4D18-B02D-5C4EE6AC9420}.Release|x86.Build.0 = Release|Win32
	EndGlobalSection
	GlobalSection(SolutionProperties) = preSolution
		HideSolutionNode = FALSE
	EndGlobalSection
	GlobalSection(ExtensibilityGlobals) = postSolution
		SolutionGuid = {2CC0BAC3-9B39-44A9-B111-F9C0CB17EC7C}
	EndGlobalSection
EndGlobal
